
Microsoft Visual Studio Solution File, Format Version 12.00
# Visual Studio Version 16
VisualStudioVersion = 16.0.29519.181
MinimumVisualStudioVersion = 10.0.40219.1
Project("{9A19103F-16F7-4668-BE54-9A1E7A4F7556}") = "Paraglider.DAL", "Paraglider.DAL\Paraglider.DAL.csproj", "{359A13EF-3700-4F9B-8403-F7A9452FAB65}"
EndProject
Project("{9A19103F-16F7-4668-BE54-9A1E7A4F7556}") = "Paraglider.SL", "Paraglider.SL\Paraglider.SL.csproj", "{54A304E0-4B09-467D-95A1-13F5752EE05E}"
EndProject
Project("{FAE04EC0-301F-11D3-BF4B-00C04F79EFBC}") = "ParagliderAPP", "ParagliderAPP\ParagliderAPP.csproj", "{8DE8A507-551B-49CE-ABDA-8E9252B1B914}"
EndProject
Global
	GlobalSection(SolutionConfigurationPlatforms) = preSolution
		Debug|Any CPU = Debug|Any CPU
		Release|Any CPU = Release|Any CPU
	EndGlobalSection
	GlobalSection(ProjectConfigurationPlatforms) = postSolution
		{359A13EF-3700-4F9B-8403-F7A9452FAB65}.Debug|Any CPU.ActiveCfg = Debug|Any CPU
		{359A13EF-3700-4F9B-8403-F7A9452FAB65}.Debug|Any CPU.Build.0 = Debug|Any CPU
		{359A13EF-3700-4F9B-8403-F7A9452FAB65}.Release|Any CPU.ActiveCfg = Release|Any CPU
		{359A13EF-3700-4F9B-8403-F7A9452FAB65}.Release|Any CPU.Build.0 = Release|Any CPU
		{54A304E0-4B09-467D-95A1-13F5752EE05E}.Debug|Any CPU.ActiveCfg = Debug|Any CPU
		{54A304E0-4B09-467D-95A1-13F5752EE05E}.Debug|Any CPU.Build.0 = Debug|Any CPU
		{54A304E0-4B09-467D-95A1-13F5752EE05E}.Release|Any CPU.ActiveCfg = Release|Any CPU
		{54A304E0-4B09-467D-95A1-13F5752EE05E}.Release|Any CPU.Build.0 = Release|Any CPU
		{8DE8A507-551B-49CE-ABDA-8E9252B1B914}.Debug|Any CPU.ActiveCfg = Debug|Any CPU
		{8DE8A507-551B-49CE-ABDA-8E9252B1B914}.Debug|Any CPU.Build.0 = Debug|Any CPU
		{8DE8A507-551B-49CE-ABDA-8E9252B1B914}.Release|Any CPU.ActiveCfg = Release|Any CPU
		{8DE8A507-551B-49CE-ABDA-8E9252B1B914}.Release|Any CPU.Build.0 = Release|Any CPU
	EndGlobalSection
	GlobalSection(SolutionProperties) = preSolution
		HideSolutionNode = FALSE
	EndGlobalSection
	GlobalSection(ExtensibilityGlobals) = postSolution
		SolutionGuid = {6FAAC26D-FE28-44F1-95EC-F84D30B8D000}
	EndGlobalSection
EndGlobal
