
Microsoft Visual Studio Solution File, Format Version 12.00
# Visual Studio Version 16
VisualStudioVersion = 16.0.29519.181
MinimumVisualStudioVersion = 10.0.40219.1
Project("{FAE04EC0-301F-11D3-BF4B-00C04F79EFBC}") = "Paraglider.App", "Paraglider.App\Paraglider.App.csproj", "{064A7EF5-7C20-481F-90D7-B790127BB85C}"
EndProject
Project("{FAE04EC0-301F-11D3-BF4B-00C04F79EFBC}") = "Paraglider.SL", "Paraglider.SL\Paraglider.SL.csproj", "{E2DCDCA1-2AC7-421A-A14B-A8529DC5E90B}"
EndProject
Project("{FAE04EC0-301F-11D3-BF4B-00C04F79EFBC}") = "Paraglider.DAL", "Paraglider.DAL\Paraglider.DAL.csproj", "{7F77775D-3602-4851-9CB7-701AB2C9CA76}"
EndProject
Global
	GlobalSection(SolutionConfigurationPlatforms) = preSolution
		Debug|Any CPU = Debug|Any CPU
		Release|Any CPU = Release|Any CPU
	EndGlobalSection
	GlobalSection(ProjectConfigurationPlatforms) = postSolution
		{064A7EF5-7C20-481F-90D7-B790127BB85C}.Debug|Any CPU.ActiveCfg = Debug|Any CPU
		{064A7EF5-7C20-481F-90D7-B790127BB85C}.Debug|Any CPU.Build.0 = Debug|Any CPU
		{064A7EF5-7C20-481F-90D7-B790127BB85C}.Release|Any CPU.ActiveCfg = Release|Any CPU
		{064A7EF5-7C20-481F-90D7-B790127BB85C}.Release|Any CPU.Build.0 = Release|Any CPU
		{E2DCDCA1-2AC7-421A-A14B-A8529DC5E90B}.Debug|Any CPU.ActiveCfg = Debug|Any CPU
		{E2DCDCA1-2AC7-421A-A14B-A8529DC5E90B}.Debug|Any CPU.Build.0 = Debug|Any CPU
		{E2DCDCA1-2AC7-421A-A14B-A8529DC5E90B}.Release|Any CPU.ActiveCfg = Release|Any CPU
		{E2DCDCA1-2AC7-421A-A14B-A8529DC5E90B}.Release|Any CPU.Build.0 = Release|Any CPU
		{7F77775D-3602-4851-9CB7-701AB2C9CA76}.Debug|Any CPU.ActiveCfg = Debug|Any CPU
		{7F77775D-3602-4851-9CB7-701AB2C9CA76}.Debug|Any CPU.Build.0 = Debug|Any CPU
		{7F77775D-3602-4851-9CB7-701AB2C9CA76}.Release|Any CPU.ActiveCfg = Release|Any CPU
		{7F77775D-3602-4851-9CB7-701AB2C9CA76}.Release|Any CPU.Build.0 = Release|Any CPU
	EndGlobalSection
	GlobalSection(SolutionProperties) = preSolution
		HideSolutionNode = FALSE
	EndGlobalSection
	GlobalSection(ExtensibilityGlobals) = postSolution
		SolutionGuid = {6FAAC26D-FE28-44F1-95EC-F84D30B8D000}
	EndGlobalSection
EndGlobal
